
Microsoft Visual Studio Solution File, Format Version 12.00
# Visual Studio Version 17
VisualStudioVersion = 17.5.002.0
MinimumVisualStudioVersion = 10.0.40219.1
Project("{9A19103F-16F7-4668-BE54-9A1E7A4F7556}") = "Imc", "Imc\Imc.csproj", "{09F6C335-C020-4D7A-922E-8FCB229CAF69}"
EndProject
Global
	GlobalSection(SolutionConfigurationPlatforms) = preSolution
		Debug|Any CPU = Debug|Any CPU
		Release|Any CPU = Release|Any CPU
	EndGlobalSection
	GlobalSection(ProjectConfigurationPlatforms) = postSolution
		{09F6C335-C020-4D7A-922E-8FCB229CAF69}.Debug|Any CPU.ActiveCfg = Debug|Any CPU
		{09F6C335-C020-4D7A-922E-8FCB229CAF69}.Debug|Any CPU.Build.0 = Debug|Any CPU
		{09F6C335-C020-4D7A-922E-8FCB229CAF69}.Release|Any CPU.ActiveCfg = Release|Any CPU
		{09F6C335-C020-4D7A-922E-8FCB229CAF69}.Release|Any CPU.Build.0 = Release|Any CPU
	EndGlobalSection
	GlobalSection(SolutionProperties) = preSolution
		HideSolutionNode = FALSE
	EndGlobalSection
	GlobalSection(ExtensibilityGlobals) = postSolution
		SolutionGuid = {A7942C77-0F08-479D-9E99-2ED5F88BB424}
	EndGlobalSection
EndGlobal
